
Microsoft Visual Studio Solution File, Format Version 12.00
# Visual Studio Version 16
VisualStudioVersion = 16.0.31410.357
MinimumVisualStudioVersion = 10.0.40219.1
Project("{FAE04EC0-301F-11D3-BF4B-00C04F79EFBC}") = "CollectionsProject", "CollectionsProject\CollectionsProject.csproj", "{251441EB-0A2C-4750-9426-4025885CDBF1}"
EndProject
Global
	GlobalSection(SolutionConfigurationPlatforms) = preSolution
		Debug|Any CPU = Debug|Any CPU
		Release|Any CPU = Release|Any CPU
	EndGlobalSection
	GlobalSection(ProjectConfigurationPlatforms) = postSolution
		{251441EB-0A2C-4750-9426-4025885CDBF1}.Debug|Any CPU.ActiveCfg = Debug|Any CPU
		{251441EB-0A2C-4750-9426-4025885CDBF1}.Debug|Any CPU.Build.0 = Debug|Any CPU
		{251441EB-0A2C-4750-9426-4025885CDBF1}.Release|Any CPU.ActiveCfg = Release|Any CPU
		{251441EB-0A2C-4750-9426-4025885CDBF1}.Release|Any CPU.Build.0 = Release|Any CPU
	EndGlobalSection
	GlobalSection(SolutionProperties) = preSolution
		HideSolutionNode = FALSE
	EndGlobalSection
	GlobalSection(ExtensibilityGlobals) = postSolution
		SolutionGuid = {D3FE1563-3B93-44BB-ADED-D566F1BE36AC}
	EndGlobalSection
EndGlobal
